
Microsoft Visual Studio Solution File, Format Version 12.00
# Visual Studio Version 17
VisualStudioVersion = 17.2.32526.322
MinimumVisualStudioVersion = 10.0.40219.1
Project("{FAE04EC0-301F-11D3-BF4B-00C04F79EFBC}") = "AMenistop", "AMenistop\AMenistop.csproj", "{8201DBC9-4368-4D40-9D7E-EFCFFB10ED2C}"
EndProject
Project("{9A19103F-16F7-4668-BE54-9A1E7A4F7556}") = "BAL.AMenistop", "..\..\BAL.AMenistop\BAL.AMenistop.csproj", "{B7A5FF67-FB0F-43E7-B583-675BAF48F502}"
EndProject
Project("{9A19103F-16F7-4668-BE54-9A1E7A4F7556}") = "DAL.AMenistop", "..\..\DAL.AMenistop\DAL.AMenistop.csproj", "{2CD6387B-CA0B-43B1-9765-30EE7BBA2D88}"
EndProject
Global
	GlobalSection(SolutionConfigurationPlatforms) = preSolution
		Debug|Any CPU = Debug|Any CPU
		Release|Any CPU = Release|Any CPU
	EndGlobalSection
	GlobalSection(ProjectConfigurationPlatforms) = postSolution
		{8201DBC9-4368-4D40-9D7E-EFCFFB10ED2C}.Debug|Any CPU.ActiveCfg = Debug|Any CPU
		{8201DBC9-4368-4D40-9D7E-EFCFFB10ED2C}.Debug|Any CPU.Build.0 = Debug|Any CPU
		{8201DBC9-4368-4D40-9D7E-EFCFFB10ED2C}.Release|Any CPU.ActiveCfg = Release|Any CPU
		{8201DBC9-4368-4D40-9D7E-EFCFFB10ED2C}.Release|Any CPU.Build.0 = Release|Any CPU
		{B7A5FF67-FB0F-43E7-B583-675BAF48F502}.Debug|Any CPU.ActiveCfg = Debug|Any CPU
		{B7A5FF67-FB0F-43E7-B583-675BAF48F502}.Debug|Any CPU.Build.0 = Debug|Any CPU
		{B7A5FF67-FB0F-43E7-B583-675BAF48F502}.Release|Any CPU.ActiveCfg = Release|Any CPU
		{B7A5FF67-FB0F-43E7-B583-675BAF48F502}.Release|Any CPU.Build.0 = Release|Any CPU
		{2CD6387B-CA0B-43B1-9765-30EE7BBA2D88}.Debug|Any CPU.ActiveCfg = Debug|Any CPU
		{2CD6387B-CA0B-43B1-9765-30EE7BBA2D88}.Debug|Any CPU.Build.0 = Debug|Any CPU
		{2CD6387B-CA0B-43B1-9765-30EE7BBA2D88}.Release|Any CPU.ActiveCfg = Release|Any CPU
		{2CD6387B-CA0B-43B1-9765-30EE7BBA2D88}.Release|Any CPU.Build.0 = Release|Any CPU
	EndGlobalSection
	GlobalSection(SolutionProperties) = preSolution
		HideSolutionNode = FALSE
	EndGlobalSection
	GlobalSection(ExtensibilityGlobals) = postSolution
		SolutionGuid = {AB3E3718-FFC0-4C4B-A872-CE37A54C952B}
	EndGlobalSection
EndGlobal
